PODS:
  - BRYXBanner (0.5.1):
    - BRYXBanner/Core (= 0.5.1)
  - BRYXBanner/Core (0.5.1)

DEPENDENCIES:
  - BRYXBanner (from `../`)

EXTERNAL SOURCES:
  BRYXBanner:
    :path: ../

SPEC CHECKSUMS:
  BRYXBanner: 9828c5b97200a2b43c26ce30ed9357360a0ee88a

PODFILE CHECKSUM: 3a2dfbed4355c0b4cff0bf7e1c044b91f19e6d83

COCOAPODS: 1.0.0.beta.2
