// !$*UTF8*$!
{
	archiveVersion = 1;
	classes = {
	};
	objectVersion = 46;
	objects = {

/* Begin PBXBuildFile section */
		43BE501A0F4AFA89CD172717 /* Pods_BRYXBannerExample.framework in Frameworks */ = {isa = PBXBuildFile; fileRef = 3D416D8E28CD0B557A1E66D5 /* Pods_BRYXBannerExample.framework */; };
		DCEB2C2D1C3F3041003BAF35 /* AppDelegate.swift in Sources */ = {isa = PBXBuildFile; fileRef = DCEB2C2C1C3F3041003BAF35 /* AppDelegate.swift */; };
		DCEB2C2F1C3F3041003BAF35 /* ViewController.swift in Sources */ = {isa = PBXBuildFile; fileRef = DCEB2C2E1C3F3041003BAF35 /* ViewController.swift */; };
		DCEB2C341C3F3041003BAF35 /* Assets.xcassets in Resources */ = {isa = PBXBuildFile; fileRef = DCEB2C331C3F3041003BAF35 /* Assets.xcassets */; };
		DCEB2C5B1C3F3064003BAF35 /* BorderedButton.swift in Sources */ = {isa = PBXBuildFile; fileRef = DCEB2C5A1C3F3064003BAF35 /* BorderedButton.swift */; };
		DCEB2C5D1C3F3120003BAF35 /* Main.storyboard in Resources */ = {isa = PBXBuildFile; fileRef = DCEB2C5C1C3F3120003BAF35 /* Main.storyboard */; };
/* End PBXBuildFile section */

/* Begin PBXFileReference section */
		2D4B2FAD0FFA79CC218320BC /* Pods-BRYXBanner.debug.xcconfig */ = {isa = PBXFileReference; includeInIndex = 1; lastKnownFileType = text.xcconfig; name = "Pods-BRYXBanner.debug.xcconfig"; path = "Pods/Target Support Files/Pods-BRYXBanner/Pods-BRYXBanner.debug.xcconfig"; sourceTree = "<group>"; };
		3D416D8E28CD0B557A1E66D5 /* Pods_BRYXBannerExample.framework */ = {isa = PBXFileReference; explicitFileType = wrapper.framework; includeInIndex = 0; path = Pods_BRYXBannerExample.framework; sourceTree = BUILT_PRODUCTS_DIR; };
		5579572A0E8F8316AFEA873A /* Pods-BRYXBannerExample.debug.xcconfig */ = {isa = PBXFileReference; includeInIndex = 1; lastKnownFileType = text.xcconfig; name = "Pods-BRYXBannerExample.debug.xcconfig"; path = "Pods/Target Support Files/Pods-BRYXBannerExample/Pods-BRYXBannerExample.debug.xcconfig"; sourceTree = "<group>"; };
		83658E5765269762F8E4755D /* Pods_BRYXBanner.framework */ = {isa = PBXFileReference; explicitFileType = wrapper.framework; includeInIndex = 0; path = Pods_BRYXBanner.framework; sourceTree = BUILT_PRODUCTS_DIR; };
		C0B0BEBC6CD17E26DD702F49 /* Pods-BRYXBannerExample.release.xcconfig */ = {isa = PBXFileReference; includeInIndex = 1; lastKnownFileType = text.xcconfig; name = "Pods-BRYXBannerExample.release.xcconfig"; path = "Pods/Target Support Files/Pods-BRYXBannerExample/Pods-BRYXBannerExample.release.xcconfig"; sourceTree = "<group>"; };
		DCEB2C291C3F3041003BAF35 /* BRYXBannerExample.app */ = {isa = PBXFileReference; explicitFileType = wrapper.application; includeInIndex = 0; path = BRYXBannerExample.app; sourceTree = BUILT_PRODUCTS_DIR; };
		DCEB2C2C1C3F3041003BAF35 /* AppDelegate.swift */ = {isa = PBXFileReference; lastKnownFileType = sourcecode.swift; path = AppDelegate.swift; sourceTree = "<group>"; };
		DCEB2C2E1C3F3041003BAF35 /* ViewController.swift */ = {isa = PBXFileReference; lastKnownFileType = sourcecode.swift; path = ViewController.swift; sourceTree = "<group>"; };
		DCEB2C331C3F3041003BAF35 /* Assets.xcassets */ = {isa = PBXFileReference; lastKnownFileType = folder.assetcatalog; path = Assets.xcassets; sourceTree = "<group>"; };
		DCEB2C381C3F3041003BAF35 /* Info.plist */ = {isa = PBXFileReference; lastKnownFileType = text.plist.xml; path = Info.plist; sourceTree = "<group>"; };
		DCEB2C5A1C3F3064003BAF35 /* BorderedButton.swift */ = {isa = PBXFileReference; fileEncoding = 4; lastKnownFileType = sourcecode.swift; path = BorderedButton.swift; sourceTree = "<group>"; };
		DCEB2C5C1C3F3120003BAF35 /* Main.storyboard */ = {isa = PBXFileReference; fileEncoding = 4; lastKnownFileType = file.storyboard; path = Main.storyboard; sourceTree = "<group>"; };
		DF0355871DB291B48778E59D /* Pods-BRYXBanner.release.xcconfig */ = {isa = PBXFileReference; includeInIndex = 1; lastKnownFileType = text.xcconfig; name = "Pods-BRYXBanner.release.xcconfig"; path = "Pods/Target Support Files/Pods-BRYXBanner/Pods-BRYXBanner.release.xcconfig"; sourceTree = "<group>"; };
/* End PBXFileReference section */

/* Begin PBXFrameworksBuildPhase section */
		DCEB2C261C3F3041003BAF35 /* Frameworks */ = {
			isa = PBXFrameworksBuildPhase;
			buildActionMask = 2147483647;
			files = (
				43BE501A0F4AFA89CD172717 /* Pods_BRYXBannerExample.framework in Frameworks */,
			);
			runOnlyForDeploymentPostprocessing = 0;
		};
/* End PBXFrameworksBuildPhase section */

/* Begin PBXGroup section */
		5C61A583F5C326D45CF08FFC /* Pods */ = {
			isa = PBXGroup;
			children = (
				2D4B2FAD0FFA79CC218320BC /* Pods-BRYXBanner.debug.xcconfig */,
				DF0355871DB291B48778E59D /* Pods-BRYXBanner.release.xcconfig */,
				5579572A0E8F8316AFEA873A /* Pods-BRYXBannerExample.debug.xcconfig */,
				C0B0BEBC6CD17E26DD702F49 /* Pods-BRYXBannerExample.release.xcconfig */,
			);
			name = Pods;
			sourceTree = "<group>";
		};
		6927B38119B33E8B4702CE60 /* Frameworks */ = {
			isa = PBXGroup;
			children = (
				83658E5765269762F8E4755D /* Pods_BRYXBanner.framework */,
				3D416D8E28CD0B557A1E66D5 /* Pods_BRYXBannerExample.framework */,
			);
			name = Frameworks;
			sourceTree = "<group>";
		};
		DCEB2C201C3F3041003BAF35 = {
			isa = PBXGroup;
			children = (
				DCEB2C2B1C3F3041003BAF35 /* BRYXBanner */,
				DCEB2C2A1C3F3041003BAF35 /* Products */,
				5C61A583F5C326D45CF08FFC /* Pods */,
				6927B38119B33E8B4702CE60 /* Frameworks */,
			);
			sourceTree = "<group>";
		};
		DCEB2C2A1C3F3041003BAF35 /* Products */ = {
			isa = PBXGroup;
			children = (
				DCEB2C291C3F3041003BAF35 /* BRYXBannerExample.app */,
			);
			name = Products;
			sourceTree = "<group>";
		};
		DCEB2C2B1C3F3041003BAF35 /* BRYXBanner */ = {
			isa = PBXGroup;
			children = (
				DCEB2C2C1C3F3041003BAF35 /* AppDelegate.swift */,
				DCEB2C2E1C3F3041003BAF35 /* ViewController.swift */,
				DCEB2C5A1C3F3064003BAF35 /* BorderedButton.swift */,
				DCEB2C5C1C3F3120003BAF35 /* Main.storyboard */,
				DCEB2C331C3F3041003BAF35 /* Assets.xcassets */,
				DCEB2C381C3F3041003BAF35 /* Info.plist */,
			);
			path = BRYXBanner;
			sourceTree = "<group>";
		};
/* End PBXGroup section */

/* Begin PBXNativeTarget section */
		DCEB2C281C3F3041003BAF35 /* BRYXBannerExample */ = {
			isa = PBXNativeTarget;
			buildConfigurationList = DCEB2C511C3F3042003BAF35 /* Build configuration list for PBXNativeTarget "BRYXBannerExample" */;
			buildPhases = (
				64BE5151BC198851B3B9BBF1 /* [CP] Check Pods Manifest.lock */,
				DCEB2C251C3F3041003BAF35 /* Sources */,
				DCEB2C261C3F3041003BAF35 /* Frameworks */,
				DCEB2C271C3F3041003BAF35 /* Resources */,
				E4F6B6B00BFD04754109CEA1 /* [CP] Embed Pods Frameworks */,
				30493477875F4A81D846D330 /* [CP] Copy Pods Resources */,
			);
			buildRules = (
			);
			dependencies = (
			);
			name = BRYXBannerExample;
			productName = BRYXBanner;
			productReference = DCEB2C291C3F3041003BAF35 /* BRYXBannerExample.app */;
			productType = "com.apple.product-type.application";
		};
/* End PBXNativeTarget section */

/* Begin PBXProject section */
		DCEB2C211C3F3041003BAF35 /* Project object */ = {
			isa = PBXProject;
			attributes = {
				LastSwiftUpdateCheck = 0720;
				LastUpgradeCheck = 0800;
				ORGANIZATIONNAME = "Bryx, Inc";
				TargetAttributes = {
					DCEB2C281C3F3041003BAF35 = {
						CreatedOnToolsVersion = 7.2;
						DevelopmentTeam = W7GJMYD5A4;
						LastSwiftMigration = 0800;
					};
				};
			};
			buildConfigurationList = DCEB2C241C3F3041003BAF35 /* Build configuration list for PBXProject "BRYXBannerExample" */;
			compatibilityVersion = "Xcode 3.2";
			developmentRegion = English;
			hasScannedForEncodings = 0;
			knownRegions = (
				en,
				Base,
			);
			mainGroup = DCEB2C201C3F3041003BAF35;
			productRefGroup = DCEB2C2A1C3F3041003BAF35 /* Products */;
			projectDirPath = "";
			projectRoot = "";
			targets = (
				DCEB2C281C3F3041003BAF35 /* BRYXBannerExample */,
			);
		};
/* End PBXProject section */

/* Begin PBXResourcesBuildPhase section */
		DCEB2C271C3F3041003BAF35 /* Resources */ = {
			isa = PBXResourcesBuildPhase;
			buildActionMask = 2147483647;
			files = (
				DCEB2C341C3F3041003BAF35 /* Assets.xcassets in Resources */,
				DCEB2C5D1C3F3120003BAF35 /* Main.storyboard in Resources */,
			);
			runOnlyForDeploymentPostprocessing = 0;
		};
/* End PBXResourcesBuildPhase section */

/* Begin PBXShellScriptBuildPhase section */
		30493477875F4A81D846D330 /* [CP] Copy Pods Resources */ = {
			isa = PBXShellScriptBuildPhase;
			buildActionMask = 2147483647;
			files = (
			);
			inputPaths = (
			);
			name = "[CP] Copy Pods Resources";
			outputPaths = (
			);
			runOnlyForDeploymentPostprocessing = 0;
			shellPath = /bin/sh;
			shellScript = "\"${SRCROOT}/Pods/Target Support Files/Pods-BRYXBannerExample/Pods-BRYXBannerExample-resources.sh\"\n";
			showEnvVarsInLog = 0;
		};
		64BE5151BC198851B3B9BBF1 /* [CP] Check Pods Manifest.lock */ = {
			isa = PBXShellScriptBuildPhase;
			buildActionMask = 2147483647;
			files = (
			);
			inputPaths = (
			);
			name = "[CP] Check Pods Manifest.lock";
			outputPaths = (
			);
			runOnlyForDeploymentPostprocessing = 0;
			shellPath = /bin/sh;
			shellScript = "diff \"${PODS_ROOT}/../Podfile.lock\" \"${PODS_ROOT}/Manifest.lock\" > /dev/null\nif [ $? != 0 ] ; then\n    # print error to STDERR\n    echo \"error: The sandbox is not in sync with the Podfile.lock. Run 'pod install' or update your CocoaPods installation.\" >&2\n    exit 1\nfi\n";
			showEnvVarsInLog = 0;
		};
		E4F6B6B00BFD04754109CEA1 /* [CP] Embed Pods Frameworks */ = {
			isa = PBXShellScriptBuildPhase;
			buildActionMask = 2147483647;
			files = (
			);
			inputPaths = (
			);
			name = "[CP] Embed Pods Frameworks";
			outputPaths = (
			);
			runOnlyForDeploymentPostprocessing = 0;
			shellPath = /bin/sh;
			shellScript = "\"${SRCROOT}/Pods/Target Support Files/Pods-BRYXBannerExample/Pods-BRYXBannerExample-frameworks.sh\"\n";
			showEnvVarsInLog = 0;
		};
/* End PBXShellScriptBuildPhase section */

/* Begin PBXSourcesBuildPhase section */
		DCEB2C251C3F3041003BAF35 /* Sources */ = {
			isa = PBXSourcesBuildPhase;
			buildActionMask = 2147483647;
			files = (
				DCEB2C2F1C3F3041003BAF35 /* ViewController.swift in Sources */,
				DCEB2C2D1C3F3041003BAF35 /* AppDelegate.swift in Sources */,
				DCEB2C5B1C3F3064003BAF35 /* BorderedButton.swift in Sources */,
			);
			runOnlyForDeploymentPostprocessing = 0;
		};
/* End PBXSourcesBuildPhase section */

/* Begin XCBuildConfiguration section */
		DCEB2C4F1C3F3042003BAF35 /* Debug */ = {
			isa = XCBuildConfiguration;
			buildSettings = {
				ALWAYS_SEARCH_USER_PATHS = NO;
				CLANG_CXX_LANGUAGE_STANDARD = "gnu++0x";
				CLANG_CXX_LIBRARY = "libc++";
				CLANG_ENABLE_MODULES = YES;
				CLANG_ENABLE_OBJC_ARC = YES;
				CLANG_WARN_BOOL_CONVERSION = YES;
				CLANG_WARN_CONSTANT_CONVERSION = YES;
				CLANG_WARN_DIRECT_OBJC_ISA_USAGE = YES_ERROR;
				CLANG_WARN_EMPTY_BODY = YES;
				CLANG_WARN_ENUM_CONVERSION = YES;
				CLANG_WARN_INFINITE_RECURSION = YES;
				CLANG_WARN_INT_CONVERSION = YES;
				CLANG_WARN_OBJC_ROOT_CLASS = YES_ERROR;
				CLANG_WARN_SUSPICIOUS_MOVE = YES;
				CLANG_WARN_UNREACHABLE_CODE = YES;
				CLANG_WARN__DUPLICATE_METHOD_MATCH = YES;
				"CODE_SIGN_IDENTITY[sdk=iphoneos*]" = "iPhone Developer";
				COPY_PHASE_STRIP = NO;
				DEBUG_INFORMATION_FORMAT = dwarf;
				ENABLE_STRICT_OBJC_MSGSEND = YES;
				ENABLE_TESTABILITY = YES;
				GCC_C_LANGUAGE_STANDARD = gnu99;
				GCC_DYNAMIC_NO_PIC = NO;
				GCC_NO_COMMON_BLOCKS = YES;
				GCC_OPTIMIZATION_LEVEL = 0;
				GCC_PREPROCESSOR_DEFINITIONS = (
					"DEBUG=1",
					"$(inherited)",
				);
				GCC_WARN_64_TO_32_BIT_CONVERSION = YES;
				GCC_WARN_ABOUT_RETURN_TYPE = YES_ERROR;
				GCC_WARN_UNDECLARED_SELECTOR = YES;
				GCC_WARN_UNINITIALIZED_AUTOS = YES_AGGRESSIVE;
				GCC_WARN_UNUSED_FUNCTION = YES;
				GCC_WARN_UNUSED_VARIABLE = YES;
				IPHONEOS_DEPLOYMENT_TARGET = 9.2;
				MTL_ENABLE_DEBUG_INFO = YES;
				ONLY_ACTIVE_ARCH = YES;
				SDKROOT = iphoneos;
				SWIFT_OPTIMIZATION_LEVEL = "-Onone";
				TARGETED_DEVICE_FAMILY = "1,2";
			};
			name = Debug;
		};
		DCEB2C501C3F3042003BAF35 /* Release */ = {
			isa = XCBuildConfiguration;
			buildSettings = {
				ALWAYS_SEARCH_USER_PATHS = NO;
				CLANG_CXX_LANGUAGE_STANDARD = "gnu++0x";
				CLANG_CXX_LIBRARY = "libc++";
				CLANG_ENABLE_MODULES = YES;
				CLANG_ENABLE_OBJC_ARC = YES;
				CLANG_WARN_BOOL_CONVERSION = YES;
				CLANG_WARN_CONSTANT_CONVERSION = YES;
				CLANG_WARN_DIRECT_OBJC_ISA_USAGE = YES_ERROR;
				CLANG_WARN_EMPTY_BODY = YES;
				CLANG_WARN_ENUM_CONVERSION = YES;
				CLANG_WARN_INFINITE_RECURSION = YES;
				CLANG_WARN_INT_CONVERSION = YES;
				CLANG_WARN_OBJC_ROOT_CLASS = YES_ERROR;
				CLANG_WARN_SUSPICIOUS_MOVE = YES;
				CLANG_WARN_UNREACHABLE_CODE = YES;
				CLANG_WARN__DUPLICATE_METHOD_MATCH = YES;
				"CODE_SIGN_IDENTITY[sdk=iphoneos*]" = "iPhone Developer";
				COPY_PHASE_STRIP = NO;
				DEBUG_INFORMATION_FORMAT = "dwarf-with-dsym";
				ENABLE_NS_ASSERTIONS = NO;
				ENABLE_STRICT_OBJC_MSGSEND = YES;
				GCC_C_LANGUAGE_STANDARD = gnu99;
				GCC_NO_COMMON_BLOCKS = YES;
				GCC_WARN_64_TO_32_BIT_CONVERSION = YES;
				GCC_WARN_ABOUT_RETURN_TYPE = YES_ERROR;
				GCC_WARN_UNDECLARED_SELECTOR = YES;
				GCC_WARN_UNINITIALIZED_AUTOS = YES_AGGRESSIVE;
				GCC_WARN_UNUSED_FUNCTION = YES;
				GCC_WARN_UNUSED_VARIABLE = YES;
				IPHONEOS_DEPLOYMENT_TARGET = 9.2;
				MTL_ENABLE_DEBUG_INFO = NO;
				SDKROOT = iphoneos;
				SWIFT_OPTIMIZATION_LEVEL = "-Owholemodule";
				TARGETED_DEVICE_FAMILY = "1,2";
				VALIDATE_PRODUCT = YES;
			};
			name = Release;
		};
		DCEB2C521C3F3042003BAF35 /* Debug */ = {
			isa = XCBuildConfiguration;
			baseConfigurationReference = 5579572A0E8F8316AFEA873A /* Pods-BRYXBannerExample.debug.xcconfig */;
			buildSettings = {
				ALWAYS_EMBED_SWIFT_STANDARD_LIBRARIES = YES;
				ASSETCATALOG_COMPILER_APPICON_NAME = AppIcon;
				DEVELOPMENT_TEAM = W7GJMYD5A4;
				INFOPLIST_FILE = BRYXBanner/Info.plist;
				LD_RUNPATH_SEARCH_PATHS = "$(inherited) @executable_path/Frameworks";
				PRODUCT_BUNDLE_IDENTIFIER = com.bryx.BRYXBanner;
				PRODUCT_NAME = BRYXBannerExample;
				SWIFT_VERSION = 3.0;
			};
			name = Debug;
		};
		DCEB2C531C3F3042003BAF35 /* Release */ = {
			isa = XCBuildConfiguration;
			baseConfigurationReference = C0B0BEBC6CD17E26DD702F49 /* Pods-BRYXBannerExample.release.xcconfig */;
			buildSettings = {
				ALWAYS_EMBED_SWIFT_STANDARD_LIBRARIES = YES;
				ASSETCATALOG_COMPILER_APPICON_NAME = AppIcon;
				DEVELOPMENT_TEAM = W7GJMYD5A4;
				INFOPLIST_FILE = BRYXBanner/Info.plist;
				LD_RUNPATH_SEARCH_PATHS = "$(inherited) @executable_path/Frameworks";
				PRODUCT_BUNDLE_IDENTIFIER = com.bryx.BRYXBanner;
				PRODUCT_NAME = BRYXBannerExample;
				SWIFT_VERSION = 3.0;
			};
			name = Release;
		};
/* End XCBuildConfiguration section */

/* Begin XCConfigurationList section */
		DCEB2C241C3F3041003BAF35 /* Build configuration list for PBXProject "BRYXBannerExample" */ = {
			isa = XCConfigurationList;
			buildConfigurations = (
				DCEB2C4F1C3F3042003BAF35 /* Debug */,
				DCEB2C501C3F3042003BAF35 /* Release */,
			);
			defaultConfigurationIsVisible = 0;
			defaultConfigurationName = Release;
		};
		DCEB2C511C3F3042003BAF35 /* Build configuration list for PBXNativeTarget "BRYXBannerExample" */ = {
			isa = XCConfigurationList;
			buildConfigurations = (
				DCEB2C521C3F3042003BAF35 /* Debug */,
				DCEB2C531C3F3042003BAF35 /* Release */,
			);
			defaultConfigurationIsVisible = 0;
			defaultConfigurationName = Release;
		};
/* End XCConfigurationList section */
	};
	rootObject = DCEB2C211C3F3041003BAF35 /* Project object */;
}
